
Microsoft Visual Studio Solution File, Format Version 12.00
# Visual Studio 15
VisualStudioVersion = 15.0.28307.1022
MinimumVisualStudioVersion = 10.0.40219.1
Project("{9A19103F-16F7-4668-BE54-9A1E7A4F7556}") = "TripTracker.BackService", "TripTracker.BackService\TripTracker.BackService.csproj", "{461357BD-D785-4980-8A1C-BEB3EA1890A5}"
EndProject
Project("{FAE04EC0-301F-11D3-BF4B-00C04F79EFBC}") = "TripTracker.UI", "TripTracker.UI\TripTracker.UI.csproj", "{5B7A4364-B1BF-4A27-BBC3-4D4ED06C07D8}"
EndProject
Global
	GlobalSection(SolutionConfigurationPlatforms) = preSolution
		Debug|Any CPU = Debug|Any CPU
		Release|Any CPU = Release|Any CPU
	EndGlobalSection
	GlobalSection(ProjectConfigurationPlatforms) = postSolution
		{461357BD-D785-4980-8A1C-BEB3EA1890A5}.Debug|Any CPU.ActiveCfg = Debug|Any CPU
		{461357BD-D785-4980-8A1C-BEB3EA1890A5}.Debug|Any CPU.Build.0 = Debug|Any CPU
		{461357BD-D785-4980-8A1C-BEB3EA1890A5}.Release|Any CPU.ActiveCfg = Release|Any CPU
		{461357BD-D785-4980-8A1C-BEB3EA1890A5}.Release|Any CPU.Build.0 = Release|Any CPU
		{5B7A4364-B1BF-4A27-BBC3-4D4ED06C07D8}.Debug|Any CPU.ActiveCfg = Debug|Any CPU
		{5B7A4364-B1BF-4A27-BBC3-4D4ED06C07D8}.Debug|Any CPU.Build.0 = Debug|Any CPU
		{5B7A4364-B1BF-4A27-BBC3-4D4ED06C07D8}.Release|Any CPU.ActiveCfg = Release|Any CPU
		{5B7A4364-B1BF-4A27-BBC3-4D4ED06C07D8}.Release|Any CPU.Build.0 = Release|Any CPU
	EndGlobalSection
	GlobalSection(SolutionProperties) = preSolution
		HideSolutionNode = FALSE
	EndGlobalSection
	GlobalSection(ExtensibilityGlobals) = postSolution
		SolutionGuid = {3AAD7ED8-D3F4-4EA9-A06D-A2DF0D2DC4FF}
	EndGlobalSection
EndGlobal
